
Microsoft Visual Studio Solution File, Format Version 12.00
# Visual Studio 15
VisualStudioVersion = 15.0.28307.960
MinimumVisualStudioVersion = 10.0.40219.1
Project("{FAE04EC0-301F-11D3-BF4B-00C04F79EFBC}") = "BibliotecaXM.Android", "BibliotecaXM\BibliotecaXM.Android\BibliotecaXM.Android.csproj", "{332D5168-0DEE-40C2-AEE0-12CA1BBD175E}"
EndProject
Project("{FAE04EC0-301F-11D3-BF4B-00C04F79EFBC}") = "BibliotecaXM.iOS", "BibliotecaXM\BibliotecaXM.iOS\BibliotecaXM.iOS.csproj", "{348ED7A5-EE5C-44EB-A57D-DBDBAEA065A5}"
EndProject
Project("{FAE04EC0-301F-11D3-BF4B-00C04F79EFBC}") = "BibliotecaXM.UWP", "BibliotecaXM\BibliotecaXM.UWP\BibliotecaXM.UWP.csproj", "{C063E220-D809-4DF1-8B2A-8C044E985B88}"
EndProject
Project("{FAE04EC0-301F-11D3-BF4B-00C04F79EFBC}") = "BibliotecaXM", "BibliotecaXM\BibliotecaXM\BibliotecaXM.csproj", "{79A9EDFD-E76B-42AB-8CEE-910663206A5F}"
EndProject
Project("{FAE04EC0-301F-11D3-BF4B-00C04F79EFBC}") = "BL", "BL\BL.csproj", "{99140011-8AEF-42B5-AE94-A35653E8D588}"
EndProject
Global
	GlobalSection(SolutionConfigurationPlatforms) = preSolution
		Ad-Hoc|Any CPU = Ad-Hoc|Any CPU
		Ad-Hoc|ARM = Ad-Hoc|ARM
		Ad-Hoc|iPhone = Ad-Hoc|iPhone
		Ad-Hoc|iPhoneSimulator = Ad-Hoc|iPhoneSimulator
		Ad-Hoc|x64 = Ad-Hoc|x64
		Ad-Hoc|x86 = Ad-Hoc|x86
		AppStore|Any CPU = AppStore|Any CPU
		AppStore|ARM = AppStore|ARM
		AppStore|iPhone = AppStore|iPhone
		AppStore|iPhoneSimulator = AppStore|iPhoneSimulator
		AppStore|x64 = AppStore|x64
		AppStore|x86 = AppStore|x86
		Debug|Any CPU = Debug|Any CPU
		Debug|ARM = Debug|ARM
		Debug|iPhone = Debug|iPhone
		Debug|iPhoneSimulator = Debug|iPhoneSimulator
		Debug|x64 = Debug|x64
		Debug|x86 = Debug|x86
		Release|Any CPU = Release|Any CPU
		Release|ARM = Release|ARM
		Release|iPhone = Release|iPhone
		Release|iPhoneSimulator = Release|iPhoneSimulator
		Release|x64 = Release|x64
		Release|x86 = Release|x86
	EndGlobalSection
	GlobalSection(ProjectConfigurationPlatforms) = postSolution
		{332D5168-0DEE-40C2-AEE0-12CA1BBD175E}.Ad-Hoc|Any CPU.ActiveCfg = Release|Any CPU
		{332D5168-0DEE-40C2-AEE0-12CA1BBD175E}.Ad-Hoc|Any CPU.Build.0 = Release|Any CPU
		{332D5168-0DEE-40C2-AEE0-12CA1BBD175E}.Ad-Hoc|Any CPU.Deploy.0 = Release|Any CPU
		{332D5168-0DEE-40C2-AEE0-12CA1BBD175E}.Ad-Hoc|ARM.ActiveCfg = Release|Any CPU
		{332D5168-0DEE-40C2-AEE0-12CA1BBD175E}.Ad-Hoc|ARM.Build.0 = Release|Any CPU
		{332D5168-0DEE-40C2-AEE0-12CA1BBD175E}.Ad-Hoc|ARM.Deploy.0 = Release|Any CPU
		{332D5168-0DEE-40C2-AEE0-12CA1BBD175E}.Ad-Hoc|iPhone.ActiveCfg = Release|Any CPU
		{332D5168-0DEE-40C2-AEE0-12CA1BBD175E}.Ad-Hoc|iPhone.Build.0 = Release|Any CPU
		{332D5168-0DEE-40C2-AEE0-12CA1BBD175E}.Ad-Hoc|iPhone.Deploy.0 = Release|Any CPU
		{332D5168-0DEE-40C2-AEE0-12CA1BBD175E}.Ad-Hoc|iPhoneSimulator.ActiveCfg = Release|Any CPU
		{332D5168-0DEE-40C2-AEE0-12CA1BBD175E}.Ad-Hoc|iPhoneSimulator.Build.0 = Release|Any CPU
		{332D5168-0DEE-40C2-AEE0-12CA1BBD175E}.Ad-Hoc|iPhoneSimulator.Deploy.0 = Release|Any CPU
		{332D5168-0DEE-40C2-AEE0-12CA1BBD175E}.Ad-Hoc|x64.ActiveCfg = Release|Any CPU
		{332D5168-0DEE-40C2-AEE0-12CA1BBD175E}.Ad-Hoc|x64.Build.0 = Release|Any CPU
		{332D5168-0DEE-40C2-AEE0-12CA1BBD175E}.Ad-Hoc|x64.Deploy.0 = Release|Any CPU
		{332D5168-0DEE-40C2-AEE0-12CA1BBD175E}.Ad-Hoc|x86.ActiveCfg = Release|Any CPU
		{332D5168-0DEE-40C2-AEE0-12CA1BBD175E}.Ad-Hoc|x86.Build.0 = Release|Any CPU
		{332D5168-0DEE-40C2-AEE0-12CA1BBD175E}.Ad-Hoc|x86.Deploy.0 = Release|Any CPU
		{332D5168-0DEE-40C2-AEE0-12CA1BBD175E}.AppStore|Any CPU.ActiveCfg = Release|Any CPU
		{332D5168-0DEE-40C2-AEE0-12CA1BBD175E}.AppStore|Any CPU.Build.0 = Release|Any CPU
		{332D5168-0DEE-40C2-AEE0-12CA1BBD175E}.AppStore|Any CPU.Deploy.0 = Release|Any CPU
		{332D5168-0DEE-40C2-AEE0-12CA1BBD175E}.AppStore|ARM.ActiveCfg = Release|Any CPU
		{332D5168-0DEE-40C2-AEE0-12CA1BBD175E}.AppStore|ARM.Build.0 = Release|Any CPU
		{332D5168-0DEE-40C2-AEE0-12CA1BBD175E}.AppStore|ARM.Deploy.0 = Release|Any CPU
		{332D5168-0DEE-40C2-AEE0-12CA1BBD175E}.AppStore|iPhone.ActiveCfg = Release|Any CPU
		{332D5168-0DEE-40C2-AEE0-12CA1BBD175E}.AppStore|iPhone.Build.0 = Release|Any CPU
		{332D5168-0DEE-40C2-AEE0-12CA1BBD175E}.AppStore|iPhone.Deploy.0 = Release|Any CPU
		{332D5168-0DEE-40C2-AEE0-12CA1BBD175E}.AppStore|iPhoneSimulator.ActiveCfg = Release|Any CPU
		{332D5168-0DEE-40C2-AEE0-12CA1BBD175E}.AppStore|iPhoneSimulator.Build.0 = Release|Any CPU
		{332D5168-0DEE-40C2-AEE0-12CA1BBD175E}.AppStore|iPhoneSimulator.Deploy.0 = Release|Any CPU
		{332D5168-0DEE-40C2-AEE0-12CA1BBD175E}.AppStore|x64.ActiveCfg = Release|Any CPU
		{332D5168-0DEE-40C2-AEE0-12CA1BBD175E}.AppStore|x64.Build.0 = Release|Any CPU
		{332D5168-0DEE-40C2-AEE0-12CA1BBD175E}.AppStore|x64.Deploy.0 = Release|Any CPU
		{332D5168-0DEE-40C2-AEE0-12CA1BBD175E}.AppStore|x86.ActiveCfg = Release|Any CPU
		{332D5168-0DEE-40C2-AEE0-12CA1BBD175E}.AppStore|x86.Build.0 = Release|Any CPU
		{332D5168-0DEE-40C2-AEE0-12CA1BBD175E}.AppStore|x86.Deploy.0 = Release|Any CPU
		{332D5168-0DEE-40C2-AEE0-12CA1BBD175E}.Debug|Any CPU.ActiveCfg = Debug|Any CPU
		{332D5168-0DEE-40C2-AEE0-12CA1BBD175E}.Debug|Any CPU.Build.0 = Debug|Any CPU
		{332D5168-0DEE-40C2-AEE0-12CA1BBD175E}.Debug|Any CPU.Deploy.0 = Debug|Any CPU
		{332D5168-0DEE-40C2-AEE0-12CA1BBD175E}.Debug|ARM.ActiveCfg = Debug|Any CPU
		{332D5168-0DEE-40C2-AEE0-12CA1BBD175E}.Debug|ARM.Build.0 = Debug|Any CPU
		{332D5168-0DEE-40C2-AEE0-12CA1BBD175E}.Debug|ARM.Deploy.0 = Debug|Any CPU
		{332D5168-0DEE-40C2-AEE0-12CA1BBD175E}.Debug|iPhone.ActiveCfg = Debug|Any CPU
		{332D5168-0DEE-40C2-AEE0-12CA1BBD175E}.Debug|iPhone.Build.0 = Debug|Any CPU
		{332D5168-0DEE-40C2-AEE0-12CA1BBD175E}.Debug|iPhone.Deploy.0 = Debug|Any CPU
		{332D5168-0DEE-40C2-AEE0-12CA1BBD175E}.Debug|iPhoneSimulator.ActiveCfg = Debug|Any CPU
		{332D5168-0DEE-40C2-AEE0-12CA1BBD175E}.Debug|iPhoneSimulator.Build.0 = Debug|Any CPU
		{332D5168-0DEE-40C2-AEE0-12CA1BBD175E}.Debug|iPhoneSimulator.Deploy.0 = Debug|Any CPU
		{332D5168-0DEE-40C2-AEE0-12CA1BBD175E}.Debug|x64.ActiveCfg = Debug|Any CPU
		{332D5168-0DEE-40C2-AEE0-12CA1BBD175E}.Debug|x64.Build.0 = Debug|Any CPU
		{332D5168-0DEE-40C2-AEE0-12CA1BBD175E}.Debug|x64.Deploy.0 = Debug|Any CPU
		{332D5168-0DEE-40C2-AEE0-12CA1BBD175E}.Debug|x86.ActiveCfg = Debug|Any CPU
		{332D5168-0DEE-40C2-AEE0-12CA1BBD175E}.Debug|x86.Build.0 = Debug|Any CPU
		{332D5168-0DEE-40C2-AEE0-12CA1BBD175E}.Debug|x86.Deploy.0 = Debug|Any CPU
		{332D5168-0DEE-40C2-AEE0-12CA1BBD175E}.Release|Any CPU.ActiveCfg = Release|Any CPU
		{332D5168-0DEE-40C2-AEE0-12CA1BBD175E}.Release|Any CPU.Build.0 = Release|Any CPU
		{332D5168-0DEE-40C2-AEE0-12CA1BBD175E}.Release|Any CPU.Deploy.0 = Release|Any CPU
		{332D5168-0DEE-40C2-AEE0-12CA1BBD175E}.Release|ARM.ActiveCfg = Release|Any CPU
		{332D5168-0DEE-40C2-AEE0-12CA1BBD175E}.Release|ARM.Build.0 = Release|Any CPU
		{332D5168-0DEE-40C2-AEE0-12CA1BBD175E}.Release|ARM.Deploy.0 = Release|Any CPU
		{332D5168-0DEE-40C2-AEE0-12CA1BBD175E}.Release|iPhone.ActiveCfg = Release|Any CPU
		{332D5168-0DEE-40C2-AEE0-12CA1BBD175E}.Release|iPhone.Build.0 = Release|Any CPU
		{332D5168-0DEE-40C2-AEE0-12CA1BBD175E}.Release|iPhone.Deploy.0 = Release|Any CPU
		{332D5168-0DEE-40C2-AEE0-12CA1BBD175E}.Release|iPhoneSimulator.ActiveCfg = Release|Any CPU
		{332D5168-0DEE-40C2-AEE0-12CA1BBD175E}.Release|iPhoneSimulator.Build.0 = Release|Any CPU
		{332D5168-0DEE-40C2-AEE0-12CA1BBD175E}.Release|iPhoneSimulator.Deploy.0 = Release|Any CPU
		{332D5168-0DEE-40C2-AEE0-12CA1BBD175E}.Release|x64.ActiveCfg = Release|Any CPU
		{332D5168-0DEE-40C2-AEE0-12CA1BBD175E}.Release|x64.Build.0 = Release|Any CPU
		{332D5168-0DEE-40C2-AEE0-12CA1BBD175E}.Release|x64.Deploy.0 = Release|Any CPU
		{332D5168-0DEE-40C2-AEE0-12CA1BBD175E}.Release|x86.ActiveCfg = Release|Any CPU
		{332D5168-0DEE-40C2-AEE0-12CA1BBD175E}.Release|x86.Build.0 = Release|Any CPU
		{332D5168-0DEE-40C2-AEE0-12CA1BBD175E}.Release|x86.Deploy.0 = Release|Any CPU
		{348ED7A5-EE5C-44EB-A57D-DBDBAEA065A5}.Ad-Hoc|Any CPU.ActiveCfg = Ad-Hoc|iPhone
		{348ED7A5-EE5C-44EB-A57D-DBDBAEA065A5}.Ad-Hoc|Any CPU.Build.0 = Ad-Hoc|iPhone
		{348ED7A5-EE5C-44EB-A57D-DBDBAEA065A5}.Ad-Hoc|Any CPU.Deploy.0 = Ad-Hoc|iPhone
		{348ED7A5-EE5C-44EB-A57D-DBDBAEA065A5}.Ad-Hoc|ARM.ActiveCfg = Ad-Hoc|iPhone
		{348ED7A5-EE5C-44EB-A57D-DBDBAEA065A5}.Ad-Hoc|ARM.Build.0 = Ad-Hoc|iPhone
		{348ED7A5-EE5C-44EB-A57D-DBDBAEA065A5}.Ad-Hoc|ARM.Deploy.0 = Ad-Hoc|iPhone
		{348ED7A5-EE5C-44EB-A57D-DBDBAEA065A5}.Ad-Hoc|iPhone.ActiveCfg = Ad-Hoc|iPhone
		{348ED7A5-EE5C-44EB-A57D-DBDBAEA065A5}.Ad-Hoc|iPhone.Build.0 = Ad-Hoc|iPhone
		{348ED7A5-EE5C-44EB-A57D-DBDBAEA065A5}.Ad-Hoc|iPhone.Deploy.0 = Ad-Hoc|iPhone
		{348ED7A5-EE5C-44EB-A57D-DBDBAEA065A5}.Ad-Hoc|iPhoneSimulator.ActiveCfg = Ad-Hoc|iPhoneSimulator
		{348ED7A5-EE5C-44EB-A57D-DBDBAEA065A5}.Ad-Hoc|iPhoneSimulator.Build.0 = Ad-Hoc|iPhoneSimulator
		{348ED7A5-EE5C-44EB-A57D-DBDBAEA065A5}.Ad-Hoc|iPhoneSimulator.Deploy.0 = Ad-Hoc|iPhoneSimulator
		{348ED7A5-EE5C-44EB-A57D-DBDBAEA065A5}.Ad-Hoc|x64.ActiveCfg = Ad-Hoc|iPhone
		{348ED7A5-EE5C-44EB-A57D-DBDBAEA065A5}.Ad-Hoc|x64.Build.0 = Ad-Hoc|iPhone
		{348ED7A5-EE5C-44EB-A57D-DBDBAEA065A5}.Ad-Hoc|x64.Deploy.0 = Ad-Hoc|iPhone
		{348ED7A5-EE5C-44EB-A57D-DBDBAEA065A5}.Ad-Hoc|x86.ActiveCfg = Ad-Hoc|iPhone
		{348ED7A5-EE5C-44EB-A57D-DBDBAEA065A5}.Ad-Hoc|x86.Build.0 = Ad-Hoc|iPhone
		{348ED7A5-EE5C-44EB-A57D-DBDBAEA065A5}.Ad-Hoc|x86.Deploy.0 = Ad-Hoc|iPhone
		{348ED7A5-EE5C-44EB-A57D-DBDBAEA065A5}.AppStore|Any CPU.ActiveCfg = AppStore|iPhone
		{348ED7A5-EE5C-44EB-A57D-DBDBAEA065A5}.AppStore|Any CPU.Build.0 = AppStore|iPhone
		{348ED7A5-EE5C-44EB-A57D-DBDBAEA065A5}.AppStore|Any CPU.Deploy.0 = AppStore|iPhone
		{348ED7A5-EE5C-44EB-A57D-DBDBAEA065A5}.AppStore|ARM.ActiveCfg = AppStore|iPhone
		{348ED7A5-EE5C-44EB-A57D-DBDBAEA065A5}.AppStore|ARM.Build.0 = AppStore|iPhone
		{348ED7A5-EE5C-44EB-A57D-DBDBAEA065A5}.AppStore|ARM.Deploy.0 = AppStore|iPhone
		{348ED7A5-EE5C-44EB-A57D-DBDBAEA065A5}.AppStore|iPhone.ActiveCfg = AppStore|iPhone
		{348ED7A5-EE5C-44EB-A57D-DBDBAEA065A5}.AppStore|iPhone.Build.0 = AppStore|iPhone
		{348ED7A5-EE5C-44EB-A57D-DBDBAEA065A5}.AppStore|iPhone.Deploy.0 = AppStore|iPhone
		{348ED7A5-EE5C-44EB-A57D-DBDBAEA065A5}.AppStore|iPhoneSimulator.ActiveCfg = AppStore|iPhoneSimulator
		{348ED7A5-EE5C-44EB-A57D-DBDBAEA065A5}.AppStore|iPhoneSimulator.Build.0 = AppStore|iPhoneSimulator
		{348ED7A5-EE5C-44EB-A57D-DBDBAEA065A5}.AppStore|iPhoneSimulator.Deploy.0 = AppStore|iPhoneSimulator
		{348ED7A5-EE5C-44EB-A57D-DBDBAEA065A5}.AppStore|x64.ActiveCfg = AppStore|iPhone
		{348ED7A5-EE5C-44EB-A57D-DBDBAEA065A5}.AppStore|x64.Build.0 = AppStore|iPhone
		{348ED7A5-EE5C-44EB-A57D-DBDBAEA065A5}.AppStore|x64.Deploy.0 = AppStore|iPhone
		{348ED7A5-EE5C-44EB-A57D-DBDBAEA065A5}.AppStore|x86.ActiveCfg = AppStore|iPhone
		{348ED7A5-EE5C-44EB-A57D-DBDBAEA065A5}.AppStore|x86.Build.0 = AppStore|iPhone
		{348ED7A5-EE5C-44EB-A57D-DBDBAEA065A5}.AppStore|x86.Deploy.0 = AppStore|iPhone
		{348ED7A5-EE5C-44EB-A57D-DBDBAEA065A5}.Debug|Any CPU.ActiveCfg = Debug|iPhoneSimulator
		{348ED7A5-EE5C-44EB-A57D-DBDBAEA065A5}.Debug|Any CPU.Build.0 = Debug|iPhoneSimulator
		{348ED7A5-EE5C-44EB-A57D-DBDBAEA065A5}.Debug|Any CPU.Deploy.0 = Debug|iPhoneSimulator
		{348ED7A5-EE5C-44EB-A57D-DBDBAEA065A5}.Debug|ARM.ActiveCfg = Debug|iPhone
		{348ED7A5-EE5C-44EB-A57D-DBDBAEA065A5}.Debug|ARM.Build.0 = Debug|iPhone
		{348ED7A5-EE5C-44EB-A57D-DBDBAEA065A5}.Debug|ARM.Deploy.0 = Debug|iPhone
		{348ED7A5-EE5C-44EB-A57D-DBDBAEA065A5}.Debug|iPhone.ActiveCfg = Debug|iPhone
		{348ED7A5-EE5C-44EB-A57D-DBDBAEA065A5}.Debug|iPhone.Build.0 = Debug|iPhone
		{348ED7A5-EE5C-44EB-A57D-DBDBAEA065A5}.Debug|iPhone.Deploy.0 = Debug|iPhone
		{348ED7A5-EE5C-44EB-A57D-DBDBAEA065A5}.Debug|iPhoneSimulator.ActiveCfg = Debug|iPhoneSimulator
		{348ED7A5-EE5C-44EB-A57D-DBDBAEA065A5}.Debug|iPhoneSimulator.Build.0 = Debug|iPhoneSimulator
		{348ED7A5-EE5C-44EB-A57D-DBDBAEA065A5}.Debug|iPhoneSimulator.Deploy.0 = Debug|iPhoneSimulator
		{348ED7A5-EE5C-44EB-A57D-DBDBAEA065A5}.Debug|x64.ActiveCfg = Debug|iPhone
		{348ED7A5-EE5C-44EB-A57D-DBDBAEA065A5}.Debug|x64.Build.0 = Debug|iPhone
		{348ED7A5-EE5C-44EB-A57D-DBDBAEA065A5}.Debug|x64.Deploy.0 = Debug|iPhone
		{348ED7A5-EE5C-44EB-A57D-DBDBAEA065A5}.Debug|x86.ActiveCfg = Debug|iPhone
		{348ED7A5-EE5C-44EB-A57D-DBDBAEA065A5}.Debug|x86.Build.0 = Debug|iPhone
		{348ED7A5-EE5C-44EB-A57D-DBDBAEA065A5}.Debug|x86.Deploy.0 = Debug|iPhone
		{348ED7A5-EE5C-44EB-A57D-DBDBAEA065A5}.Release|Any CPU.ActiveCfg = Release|iPhone
		{348ED7A5-EE5C-44EB-A57D-DBDBAEA065A5}.Release|Any CPU.Build.0 = Release|iPhone
		{348ED7A5-EE5C-44EB-A57D-DBDBAEA065A5}.Release|Any CPU.Deploy.0 = Release|iPhone
		{348ED7A5-EE5C-44EB-A57D-DBDBAEA065A5}.Release|ARM.ActiveCfg = Release|iPhone
		{348ED7A5-EE5C-44EB-A57D-DBDBAEA065A5}.Release|ARM.Build.0 = Release|iPhone
		{348ED7A5-EE5C-44EB-A57D-DBDBAEA065A5}.Release|ARM.Deploy.0 = Release|iPhone
		{348ED7A5-EE5C-44EB-A57D-DBDBAEA065A5}.Release|iPhone.ActiveCfg = Release|iPhone
		{348ED7A5-EE5C-44EB-A57D-DBDBAEA065A5}.Release|iPhone.Build.0 = Release|iPhone
		{348ED7A5-EE5C-44EB-A57D-DBDBAEA065A5}.Release|iPhone.Deploy.0 = Release|iPhone
		{348ED7A5-EE5C-44EB-A57D-DBDBAEA065A5}.Release|iPhoneSimulator.ActiveCfg = Release|iPhoneSimulator
		{348ED7A5-EE5C-44EB-A57D-DBDBAEA065A5}.Release|iPhoneSimulator.Build.0 = Release|iPhoneSimulator
		{348ED7A5-EE5C-44EB-A57D-DBDBAEA065A5}.Release|iPhoneSimulator.Deploy.0 = Release|iPhoneSimulator
		{348ED7A5-EE5C-44EB-A57D-DBDBAEA065A5}.Release|x64.ActiveCfg = Release|iPhone
		{348ED7A5-EE5C-44EB-A57D-DBDBAEA065A5}.Release|x64.Build.0 = Release|iPhone
		{348ED7A5-EE5C-44EB-A57D-DBDBAEA065A5}.Release|x64.Deploy.0 = Release|iPhone
		{348ED7A5-EE5C-44EB-A57D-DBDBAEA065A5}.Release|x86.ActiveCfg = Release|iPhone
		{348ED7A5-EE5C-44EB-A57D-DBDBAEA065A5}.Release|x86.Build.0 = Release|iPhone
		{348ED7A5-EE5C-44EB-A57D-DBDBAEA065A5}.Release|x86.Deploy.0 = Release|iPhone
		{C063E220-D809-4DF1-8B2A-8C044E985B88}.Ad-Hoc|Any CPU.ActiveCfg = Release|x86
		{C063E220-D809-4DF1-8B2A-8C044E985B88}.Ad-Hoc|Any CPU.Build.0 = Release|x86
		{C063E220-D809-4DF1-8B2A-8C044E985B88}.Ad-Hoc|Any CPU.Deploy.0 = Release|x86
		{C063E220-D809-4DF1-8B2A-8C044E985B88}.Ad-Hoc|ARM.ActiveCfg = Release|ARM
		{C063E220-D809-4DF1-8B2A-8C044E985B88}.Ad-Hoc|ARM.Build.0 = Release|ARM
		{C063E220-D809-4DF1-8B2A-8C044E985B88}.Ad-Hoc|ARM.Deploy.0 = Release|ARM
		{C063E220-D809-4DF1-8B2A-8C044E985B88}.Ad-Hoc|iPhone.ActiveCfg = Release|x86
		{C063E220-D809-4DF1-8B2A-8C044E985B88}.Ad-Hoc|iPhone.Build.0 = Release|x86
		{C063E220-D809-4DF1-8B2A-8C044E985B88}.Ad-Hoc|iPhone.Deploy.0 = Release|x86
		{C063E220-D809-4DF1-8B2A-8C044E985B88}.Ad-Hoc|iPhoneSimulator.ActiveCfg = Release|x86
		{C063E220-D809-4DF1-8B2A-8C044E985B88}.Ad-Hoc|iPhoneSimulator.Build.0 = Release|x86
		{C063E220-D809-4DF1-8B2A-8C044E985B88}.Ad-Hoc|iPhoneSimulator.Deploy.0 = Release|x86
		{C063E220-D809-4DF1-8B2A-8C044E985B88}.Ad-Hoc|x64.ActiveCfg = Release|x64
		{C063E220-D809-4DF1-8B2A-8C044E985B88}.Ad-Hoc|x64.Build.0 = Release|x64
		{C063E220-D809-4DF1-8B2A-8C044E985B88}.Ad-Hoc|x64.Deploy.0 = Release|x64
		{C063E220-D809-4DF1-8B2A-8C044E985B88}.Ad-Hoc|x86.ActiveCfg = Release|x86
		{C063E220-D809-4DF1-8B2A-8C044E985B88}.Ad-Hoc|x86.Build.0 = Release|x86
		{C063E220-D809-4DF1-8B2A-8C044E985B88}.Ad-Hoc|x86.Deploy.0 = Release|x86
		{C063E220-D809-4DF1-8B2A-8C044E985B88}.AppStore|Any CPU.ActiveCfg = Release|x86
		{C063E220-D809-4DF1-8B2A-8C044E985B88}.AppStore|Any CPU.Build.0 = Release|x86
		{C063E220-D809-4DF1-8B2A-8C044E985B88}.AppStore|Any CPU.Deploy.0 = Release|x86
		{C063E220-D809-4DF1-8B2A-8C044E985B88}.AppStore|ARM.ActiveCfg = Release|ARM
		{C063E220-D809-4DF1-8B2A-8C044E985B88}.AppStore|ARM.Build.0 = Release|ARM
		{C063E220-D809-4DF1-8B2A-8C044E985B88}.AppStore|ARM.Deploy.0 = Release|ARM
		{C063E220-D809-4DF1-8B2A-8C044E985B88}.AppStore|iPhone.ActiveCfg = Release|x86
		{C063E220-D809-4DF1-8B2A-8C044E985B88}.AppStore|iPhone.Build.0 = Release|x86
		{C063E220-D809-4DF1-8B2A-8C044E985B88}.AppStore|iPhone.Deploy.0 = Release|x86
		{C063E220-D809-4DF1-8B2A-8C044E985B88}.AppStore|iPhoneSimulator.ActiveCfg = Release|x86
		{C063E220-D809-4DF1-8B2A-8C044E985B88}.AppStore|iPhoneSimulator.Build.0 = Release|x86
		{C063E220-D809-4DF1-8B2A-8C044E985B88}.AppStore|iPhoneSimulator.Deploy.0 = Release|x86
		{C063E220-D809-4DF1-8B2A-8C044E985B88}.AppStore|x64.ActiveCfg = Release|x64
		{C063E220-D809-4DF1-8B2A-8C044E985B88}.AppStore|x64.Build.0 = Release|x64
		{C063E220-D809-4DF1-8B2A-8C044E985B88}.AppStore|x64.Deploy.0 = Release|x64
		{C063E220-D809-4DF1-8B2A-8C044E985B88}.AppStore|x86.ActiveCfg = Release|x86
		{C063E220-D809-4DF1-8B2A-8C044E985B88}.AppStore|x86.Build.0 = Release|x86
		{C063E220-D809-4DF1-8B2A-8C044E985B88}.AppStore|x86.Deploy.0 = Release|x86
		{C063E220-D809-4DF1-8B2A-8C044E985B88}.Debug|Any CPU.ActiveCfg = Debug|x86
		{C063E220-D809-4DF1-8B2A-8C044E985B88}.Debug|Any CPU.Build.0 = Debug|x86
		{C063E220-D809-4DF1-8B2A-8C044E985B88}.Debug|Any CPU.Deploy.0 = Debug|x86
		{C063E220-D809-4DF1-8B2A-8C044E985B88}.Debug|ARM.ActiveCfg = Debug|ARM
		{C063E220-D809-4DF1-8B2A-8C044E985B88}.Debug|ARM.Build.0 = Debug|ARM
		{C063E220-D809-4DF1-8B2A-8C044E985B88}.Debug|ARM.Deploy.0 = Debug|ARM
		{C063E220-D809-4DF1-8B2A-8C044E985B88}.Debug|iPhone.ActiveCfg = Debug|x86
		{C063E220-D809-4DF1-8B2A-8C044E985B88}.Debug|iPhone.Build.0 = Debug|x86
		{C063E220-D809-4DF1-8B2A-8C044E985B88}.Debug|iPhone.Deploy.0 = Debug|x86
		{C063E220-D809-4DF1-8B2A-8C044E985B88}.Debug|iPhoneSimulator.ActiveCfg = Debug|x86
		{C063E220-D809-4DF1-8B2A-8C044E985B88}.Debug|iPhoneSimulator.Build.0 = Debug|x86
		{C063E220-D809-4DF1-8B2A-8C044E985B88}.Debug|iPhoneSimulator.Deploy.0 = Debug|x86
		{C063E220-D809-4DF1-8B2A-8C044E985B88}.Debug|x64.ActiveCfg = Debug|x64
		{C063E220-D809-4DF1-8B2A-8C044E985B88}.Debug|x64.Build.0 = Debug|x64
		{C063E220-D809-4DF1-8B2A-8C044E985B88}.Debug|x64.Deploy.0 = Debug|x64
		{C063E220-D809-4DF1-8B2A-8C044E985B88}.Debug|x86.ActiveCfg = Debug|x86
		{C063E220-D809-4DF1-8B2A-8C044E985B88}.Debug|x86.Build.0 = Debug|x86
		{C063E220-D809-4DF1-8B2A-8C044E985B88}.Debug|x86.Deploy.0 = Debug|x86
		{C063E220-D809-4DF1-8B2A-8C044E985B88}.Release|Any CPU.ActiveCfg = Release|x86
		{C063E220-D809-4DF1-8B2A-8C044E985B88}.Release|Any CPU.Build.0 = Release|x86
		{C063E220-D809-4DF1-8B2A-8C044E985B88}.Release|Any CPU.Deploy.0 = Release|x86
		{C063E220-D809-4DF1-8B2A-8C044E985B88}.Release|ARM.ActiveCfg = Release|ARM
		{C063E220-D809-4DF1-8B2A-8C044E985B88}.Release|ARM.Build.0 = Release|ARM
		{C063E220-D809-4DF1-8B2A-8C044E985B88}.Release|ARM.Deploy.0 = Release|ARM
		{C063E220-D809-4DF1-8B2A-8C044E985B88}.Release|iPhone.ActiveCfg = Release|x86
		{C063E220-D809-4DF1-8B2A-8C044E985B88}.Release|iPhone.Build.0 = Release|x86
		{C063E220-D809-4DF1-8B2A-8C044E985B88}.Release|iPhone.Deploy.0 = Release|x86
		{C063E220-D809-4DF1-8B2A-8C044E985B88}.Release|iPhoneSimulator.ActiveCfg = Release|x86
		{C063E220-D809-4DF1-8B2A-8C044E985B88}.Release|iPhoneSimulator.Build.0 = Release|x86
		{C063E220-D809-4DF1-8B2A-8C044E985B88}.Release|iPhoneSimulator.Deploy.0 = Release|x86
		{C063E220-D809-4DF1-8B2A-8C044E985B88}.Release|x64.ActiveCfg = Release|x64
		{C063E220-D809-4DF1-8B2A-8C044E985B88}.Release|x64.Build.0 = Release|x64
		{C063E220-D809-4DF1-8B2A-8C044E985B88}.Release|x64.Deploy.0 = Release|x64
		{C063E220-D809-4DF1-8B2A-8C044E985B88}.Release|x86.ActiveCfg = Release|x86
		{C063E220-D809-4DF1-8B2A-8C044E985B88}.Release|x86.Build.0 = Release|x86
		{C063E220-D809-4DF1-8B2A-8C044E985B88}.Release|x86.Deploy.0 = Release|x86
		{79A9EDFD-E76B-42AB-8CEE-910663206A5F}.Ad-Hoc|Any CPU.ActiveCfg = Debug|Any CPU
		{79A9EDFD-E76B-42AB-8CEE-910663206A5F}.Ad-Hoc|Any CPU.Build.0 = Debug|Any CPU
		{79A9EDFD-E76B-42AB-8CEE-910663206A5F}.Ad-Hoc|Any CPU.Deploy.0 = Debug|Any CPU
		{79A9EDFD-E76B-42AB-8CEE-910663206A5F}.Ad-Hoc|ARM.ActiveCfg = Debug|Any CPU
		{79A9EDFD-E76B-42AB-8CEE-910663206A5F}.Ad-Hoc|ARM.Build.0 = Debug|Any CPU
		{79A9EDFD-E76B-42AB-8CEE-910663206A5F}.Ad-Hoc|ARM.Deploy.0 = Debug|Any CPU
		{79A9EDFD-E76B-42AB-8CEE-910663206A5F}.Ad-Hoc|iPhone.ActiveCfg = Debug|Any CPU
		{79A9EDFD-E76B-42AB-8CEE-910663206A5F}.Ad-Hoc|iPhone.Build.0 = Debug|Any CPU
		{79A9EDFD-E76B-42AB-8CEE-910663206A5F}.Ad-Hoc|iPhone.Deploy.0 = Debug|Any CPU
		{79A9EDFD-E76B-42AB-8CEE-910663206A5F}.Ad-Hoc|iPhoneSimulator.ActiveCfg = Debug|Any CPU
		{79A9EDFD-E76B-42AB-8CEE-910663206A5F}.Ad-Hoc|iPhoneSimulator.Build.0 = Debug|Any CPU
		{79A9EDFD-E76B-42AB-8CEE-910663206A5F}.Ad-Hoc|iPhoneSimulator.Deploy.0 = Debug|Any CPU
		{79A9EDFD-E76B-42AB-8CEE-910663206A5F}.Ad-Hoc|x64.ActiveCfg = Debug|Any CPU
		{79A9EDFD-E76B-42AB-8CEE-910663206A5F}.Ad-Hoc|x64.Build.0 = Debug|Any CPU
		{79A9EDFD-E76B-42AB-8CEE-910663206A5F}.Ad-Hoc|x64.Deploy.0 = Debug|Any CPU
		{79A9EDFD-E76B-42AB-8CEE-910663206A5F}.Ad-Hoc|x86.ActiveCfg = Debug|Any CPU
		{79A9EDFD-E76B-42AB-8CEE-910663206A5F}.Ad-Hoc|x86.Build.0 = Debug|Any CPU
		{79A9EDFD-E76B-42AB-8CEE-910663206A5F}.Ad-Hoc|x86.Deploy.0 = Debug|Any CPU
		{79A9EDFD-E76B-42AB-8CEE-910663206A5F}.AppStore|Any CPU.ActiveCfg = Debug|Any CPU
		{79A9EDFD-E76B-42AB-8CEE-910663206A5F}.AppStore|Any CPU.Build.0 = Debug|Any CPU
		{79A9EDFD-E76B-42AB-8CEE-910663206A5F}.AppStore|Any CPU.Deploy.0 = Debug|Any CPU
		{79A9EDFD-E76B-42AB-8CEE-910663206A5F}.AppStore|ARM.ActiveCfg = Debug|Any CPU
		{79A9EDFD-E76B-42AB-8CEE-910663206A5F}.AppStore|ARM.Build.0 = Debug|Any CPU
		{79A9EDFD-E76B-42AB-8CEE-910663206A5F}.AppStore|ARM.Deploy.0 = Debug|Any CPU
		{79A9EDFD-E76B-42AB-8CEE-910663206A5F}.AppStore|iPhone.ActiveCfg = Debug|Any CPU
		{79A9EDFD-E76B-42AB-8CEE-910663206A5F}.AppStore|iPhone.Build.0 = Debug|Any CPU
		{79A9EDFD-E76B-42AB-8CEE-910663206A5F}.AppStore|iPhone.Deploy.0 = Debug|Any CPU
		{79A9EDFD-E76B-42AB-8CEE-910663206A5F}.AppStore|iPhoneSimulator.ActiveCfg = Debug|Any CPU
		{79A9EDFD-E76B-42AB-8CEE-910663206A5F}.AppStore|iPhoneSimulator.Build.0 = Debug|Any CPU
		{79A9EDFD-E76B-42AB-8CEE-910663206A5F}.AppStore|iPhoneSimulator.Deploy.0 = Debug|Any CPU
		{79A9EDFD-E76B-42AB-8CEE-910663206A5F}.AppStore|x64.ActiveCfg = Debug|Any CPU
		{79A9EDFD-E76B-42AB-8CEE-910663206A5F}.AppStore|x64.Build.0 = Debug|Any CPU
		{79A9EDFD-E76B-42AB-8CEE-910663206A5F}.AppStore|x64.Deploy.0 = Debug|Any CPU
		{79A9EDFD-E76B-42AB-8CEE-910663206A5F}.AppStore|x86.ActiveCfg = Debug|Any CPU
		{79A9EDFD-E76B-42AB-8CEE-910663206A5F}.AppStore|x86.Build.0 = Debug|Any CPU
		{79A9EDFD-E76B-42AB-8CEE-910663206A5F}.AppStore|x86.Deploy.0 = Debug|Any CPU
		{79A9EDFD-E76B-42AB-8CEE-910663206A5F}.Debug|Any CPU.ActiveCfg = Debug|Any CPU
		{79A9EDFD-E76B-42AB-8CEE-910663206A5F}.Debug|Any CPU.Build.0 = Debug|Any CPU
		{79A9EDFD-E76B-42AB-8CEE-910663206A5F}.Debug|Any CPU.Deploy.0 = Debug|Any CPU
		{79A9EDFD-E76B-42AB-8CEE-910663206A5F}.Debug|ARM.ActiveCfg = Debug|Any CPU
		{79A9EDFD-E76B-42AB-8CEE-910663206A5F}.Debug|ARM.Build.0 = Debug|Any CPU
		{79A9EDFD-E76B-42AB-8CEE-910663206A5F}.Debug|ARM.Deploy.0 = Debug|Any CPU
		{79A9EDFD-E76B-42AB-8CEE-910663206A5F}.Debug|iPhone.ActiveCfg = Debug|Any CPU
		{79A9EDFD-E76B-42AB-8CEE-910663206A5F}.Debug|iPhone.Build.0 = Debug|Any CPU
		{79A9EDFD-E76B-42AB-8CEE-910663206A5F}.Debug|iPhone.Deploy.0 = Debug|Any CPU
		{79A9EDFD-E76B-42AB-8CEE-910663206A5F}.Debug|iPhoneSimulator.ActiveCfg = Debug|Any CPU
		{79A9EDFD-E76B-42AB-8CEE-910663206A5F}.Debug|iPhoneSimulator.Build.0 = Debug|Any CPU
		{79A9EDFD-E76B-42AB-8CEE-910663206A5F}.Debug|iPhoneSimulator.Deploy.0 = Debug|Any CPU
		{79A9EDFD-E76B-42AB-8CEE-910663206A5F}.Debug|x64.ActiveCfg = Debug|Any CPU
		{79A9EDFD-E76B-42AB-8CEE-910663206A5F}.Debug|x64.Build.0 = Debug|Any CPU
		{79A9EDFD-E76B-42AB-8CEE-910663206A5F}.Debug|x64.Deploy.0 = Debug|Any CPU
		{79A9EDFD-E76B-42AB-8CEE-910663206A5F}.Debug|x86.ActiveCfg = Debug|Any CPU
		{79A9EDFD-E76B-42AB-8CEE-910663206A5F}.Debug|x86.Build.0 = Debug|Any CPU
		{79A9EDFD-E76B-42AB-8CEE-910663206A5F}.Debug|x86.Deploy.0 = Debug|Any CPU
		{79A9EDFD-E76B-42AB-8CEE-910663206A5F}.Release|Any CPU.ActiveCfg = Release|Any CPU
		{79A9EDFD-E76B-42AB-8CEE-910663206A5F}.Release|Any CPU.Build.0 = Release|Any CPU
		{79A9EDFD-E76B-42AB-8CEE-910663206A5F}.Release|Any CPU.Deploy.0 = Release|Any CPU
		{79A9EDFD-E76B-42AB-8CEE-910663206A5F}.Release|ARM.ActiveCfg = Release|Any CPU
		{79A9EDFD-E76B-42AB-8CEE-910663206A5F}.Release|ARM.Build.0 = Release|Any CPU
		{79A9EDFD-E76B-42AB-8CEE-910663206A5F}.Release|ARM.Deploy.0 = Release|Any CPU
		{79A9EDFD-E76B-42AB-8CEE-910663206A5F}.Release|iPhone.ActiveCfg = Release|Any CPU
		{79A9EDFD-E76B-42AB-8CEE-910663206A5F}.Release|iPhone.Build.0 = Release|Any CPU
		{79A9EDFD-E76B-42AB-8CEE-910663206A5F}.Release|iPhone.Deploy.0 = Release|Any CPU
		{79A9EDFD-E76B-42AB-8CEE-910663206A5F}.Release|iPhoneSimulator.ActiveCfg = Release|Any CPU
		{79A9EDFD-E76B-42AB-8CEE-910663206A5F}.Release|iPhoneSimulator.Build.0 = Release|Any CPU
		{79A9EDFD-E76B-42AB-8CEE-910663206A5F}.Release|iPhoneSimulator.Deploy.0 = Release|Any CPU
		{79A9EDFD-E76B-42AB-8CEE-910663206A5F}.Release|x64.ActiveCfg = Release|Any CPU
		{79A9EDFD-E76B-42AB-8CEE-910663206A5F}.Release|x64.Build.0 = Release|Any CPU
		{79A9EDFD-E76B-42AB-8CEE-910663206A5F}.Release|x64.Deploy.0 = Release|Any CPU
		{79A9EDFD-E76B-42AB-8CEE-910663206A5F}.Release|x86.ActiveCfg = Release|Any CPU
		{79A9EDFD-E76B-42AB-8CEE-910663206A5F}.Release|x86.Build.0 = Release|Any CPU
		{79A9EDFD-E76B-42AB-8CEE-910663206A5F}.Release|x86.Deploy.0 = Release|Any CPU
		{99140011-8AEF-42B5-AE94-A35653E8D588}.Ad-Hoc|Any CPU.ActiveCfg = Release|Any CPU
		{99140011-8AEF-42B5-AE94-A35653E8D588}.Ad-Hoc|Any CPU.Build.0 = Release|Any CPU
		{99140011-8AEF-42B5-AE94-A35653E8D588}.Ad-Hoc|ARM.ActiveCfg = Release|Any CPU
		{99140011-8AEF-42B5-AE94-A35653E8D588}.Ad-Hoc|ARM.Build.0 = Release|Any CPU
		{99140011-8AEF-42B5-AE94-A35653E8D588}.Ad-Hoc|iPhone.ActiveCfg = Release|Any CPU
		{99140011-8AEF-42B5-AE94-A35653E8D588}.Ad-Hoc|iPhone.Build.0 = Release|Any CPU
		{99140011-8AEF-42B5-AE94-A35653E8D588}.Ad-Hoc|iPhoneSimulator.ActiveCfg = Release|Any CPU
		{99140011-8AEF-42B5-AE94-A35653E8D588}.Ad-Hoc|iPhoneSimulator.Build.0 = Release|Any CPU
		{99140011-8AEF-42B5-AE94-A35653E8D588}.Ad-Hoc|x64.ActiveCfg = Release|Any CPU
		{99140011-8AEF-42B5-AE94-A35653E8D588}.Ad-Hoc|x64.Build.0 = Release|Any CPU
		{99140011-8AEF-42B5-AE94-A35653E8D588}.Ad-Hoc|x86.ActiveCfg = Release|Any CPU
		{99140011-8AEF-42B5-AE94-A35653E8D588}.Ad-Hoc|x86.Build.0 = Release|Any CPU
		{99140011-8AEF-42B5-AE94-A35653E8D588}.AppStore|Any CPU.ActiveCfg = Release|Any CPU
		{99140011-8AEF-42B5-AE94-A35653E8D588}.AppStore|Any CPU.Build.0 = Release|Any CPU
		{99140011-8AEF-42B5-AE94-A35653E8D588}.AppStore|ARM.ActiveCfg = Release|Any CPU
		{99140011-8AEF-42B5-AE94-A35653E8D588}.AppStore|ARM.Build.0 = Release|Any CPU
		{99140011-8AEF-42B5-AE94-A35653E8D588}.AppStore|iPhone.ActiveCfg = Release|Any CPU
		{99140011-8AEF-42B5-AE94-A35653E8D588}.AppStore|iPhone.Build.0 = Release|Any CPU
		{99140011-8AEF-42B5-AE94-A35653E8D588}.AppStore|iPhoneSimulator.ActiveCfg = Release|Any CPU
		{99140011-8AEF-42B5-AE94-A35653E8D588}.AppStore|iPhoneSimulator.Build.0 = Release|Any CPU
		{99140011-8AEF-42B5-AE94-A35653E8D588}.AppStore|x64.ActiveCfg = Release|Any CPU
		{99140011-8AEF-42B5-AE94-A35653E8D588}.AppStore|x64.Build.0 = Release|Any CPU
		{99140011-8AEF-42B5-AE94-A35653E8D588}.AppStore|x86.ActiveCfg = Release|Any CPU
		{99140011-8AEF-42B5-AE94-A35653E8D588}.AppStore|x86.Build.0 = Release|Any CPU
		{99140011-8AEF-42B5-AE94-A35653E8D588}.Debug|Any CPU.ActiveCfg = Debug|Any CPU
		{99140011-8AEF-42B5-AE94-A35653E8D588}.Debug|Any CPU.Build.0 = Debug|Any CPU
		{99140011-8AEF-42B5-AE94-A35653E8D588}.Debug|ARM.ActiveCfg = Debug|Any CPU
		{99140011-8AEF-42B5-AE94-A35653E8D588}.Debug|ARM.Build.0 = Debug|Any CPU
		{99140011-8AEF-42B5-AE94-A35653E8D588}.Debug|iPhone.ActiveCfg = Debug|Any CPU
		{99140011-8AEF-42B5-AE94-A35653E8D588}.Debug|iPhone.Build.0 = Debug|Any CPU
		{99140011-8AEF-42B5-AE94-A35653E8D588}.Debug|iPhoneSimulator.ActiveCfg = Debug|Any CPU
		{99140011-8AEF-42B5-AE94-A35653E8D588}.Debug|iPhoneSimulator.Build.0 = Debug|Any CPU
		{99140011-8AEF-42B5-AE94-A35653E8D588}.Debug|x64.ActiveCfg = Debug|Any CPU
		{99140011-8AEF-42B5-AE94-A35653E8D588}.Debug|x64.Build.0 = Debug|Any CPU
		{99140011-8AEF-42B5-AE94-A35653E8D588}.Debug|x86.ActiveCfg = Debug|Any CPU
		{99140011-8AEF-42B5-AE94-A35653E8D588}.Debug|x86.Build.0 = Debug|Any CPU
		{99140011-8AEF-42B5-AE94-A35653E8D588}.Release|Any CPU.ActiveCfg = Release|Any CPU
		{99140011-8AEF-42B5-AE94-A35653E8D588}.Release|Any CPU.Build.0 = Release|Any CPU
		{99140011-8AEF-42B5-AE94-A35653E8D588}.Release|ARM.ActiveCfg = Release|Any CPU
		{99140011-8AEF-42B5-AE94-A35653E8D588}.Release|ARM.Build.0 = Release|Any CPU
		{99140011-8AEF-42B5-AE94-A35653E8D588}.Release|iPhone.ActiveCfg = Release|Any CPU
		{99140011-8AEF-42B5-AE94-A35653E8D588}.Release|iPhone.Build.0 = Release|Any CPU
		{99140011-8AEF-42B5-AE94-A35653E8D588}.Release|iPhoneSimulator.ActiveCfg = Release|Any CPU
		{99140011-8AEF-42B5-AE94-A35653E8D588}.Release|iPhoneSimulator.Build.0 = Release|Any CPU
		{99140011-8AEF-42B5-AE94-A35653E8D588}.Release|x64.ActiveCfg = Release|Any CPU
		{99140011-8AEF-42B5-AE94-A35653E8D588}.Release|x64.Build.0 = Release|Any CPU
		{99140011-8AEF-42B5-AE94-A35653E8D588}.Release|x86.ActiveCfg = Release|Any CPU
		{99140011-8AEF-42B5-AE94-A35653E8D588}.Release|x86.Build.0 = Release|Any CPU
	EndGlobalSection
	GlobalSection(SolutionProperties) = preSolution
		HideSolutionNode = FALSE
	EndGlobalSection
	GlobalSection(ExtensibilityGlobals) = postSolution
		SolutionGuid = {0CAE71FE-D8A5-4C62-BE6C-A8234EECEA47}
	EndGlobalSection
EndGlobal
